
Microsoft Visual Studio Solution File, Format Version 12.00
# Visual Studio Version 16
VisualStudioVersion = 16.0.34031.81
MinimumVisualStudioVersion = 10.0.40219.1
Project("{2150E333-8FDC-42A3-9474-1A3956D46DE8}") = "Task0(v22)", "Task0(v22)", "{0761CA7B-EF0C-4D3D-AFB5-319C82B2B64F}"
EndProject
Project("{FAE04EC0-301F-11D3-BF4B-00C04F79EFBC}") = "Tyuiu.KubrikND.Sprint2.Task0.V22", "Tyuiu.KubrikND.Sprint2.Task0.V22\Tyuiu.KubrikND.Sprint2.Task0.V22.csproj", "{932AF461-8787-4C7B-A907-E2E7FF332345}"
EndProject
Project("{FAE04EC0-301F-11D3-BF4B-00C04F79EFBC}") = "Tyuiu.KubrikND.Sprint2.Task0.V22.Test", "Tyuiu.KubrikND.Sprint2.Task0.V22.Test\Tyuiu.KubrikND.Sprint2.Task0.V22.Test.csproj", "{66B0C91C-4011-4B7F-ACBD-D1FB2E6527FE}"
EndProject
Project("{FAE04EC0-301F-11D3-BF4B-00C04F79EFBC}") = "Tyuiu.KubrikND.Sprint2.Task0.V22.Lib", "Tyuiu.KubrikND.Sprint2.Task0.V22.Lib\Tyuiu.KubrikND.Sprint2.Task0.V22.Lib.csproj", "{0F723355-ABB9-431A-A121-686AA93FFC96}"
EndProject
Project("{2150E333-8FDC-42A3-9474-1A3956D46DE8}") = "Task1(v8)", "Task1(v8)", "{EEF38EFC-6552-4CED-8EDE-3BEB36A796F3}"
EndProject
Project("{FAE04EC0-301F-11D3-BF4B-00C04F79EFBC}") = "Tyuiu.KubrikND.Sprint2.Task1.V8.Lib", "Tyuiu.KubrikND.Sprint2.Task1.V8.Lib\Tyuiu.KubrikND.Sprint2.Task1.V8.Lib.csproj", "{8BACBF37-D814-492B-85AC-2CDAA2C45C57}"
EndProject
Project("{FAE04EC0-301F-11D3-BF4B-00C04F79EFBC}") = "Tyuiu.KubrikND.Sprint2.Task1.V8.Test", "Tyuiu.KubrikND.Sprint2.Task1.V8.Test\Tyuiu.KubrikND.Sprint2.Task1.V8.Test.csproj", "{7DB748A1-A712-4894-9BF2-1965F2DC2D62}"
EndProject
Project("{FAE04EC0-301F-11D3-BF4B-00C04F79EFBC}") = "Tyuiu.KubrikND.Sprint2.Task1.V8", "Tyuiu.KubrikND.Sprint2.Task1.V8\Tyuiu.KubrikND.Sprint2.Task1.V8.csproj", "{3E177230-6591-4C4D-9271-4151A63EE839}"
EndProject
Project("{2150E333-8FDC-42A3-9474-1A3956D46DE8}") = "Task2(v6)", "Task2(v6)", "{B8973636-1BE4-4D83-BADA-C04833094D8A}"
EndProject
Project("{FAE04EC0-301F-11D3-BF4B-00C04F79EFBC}") = "Tyuiu.KubrikND.Sprint2.Task2.V6", "Tyuiu.KubrikND.Sprint2.Task2.V6\Tyuiu.KubrikND.Sprint2.Task2.V6.csproj", "{E7C17280-17C7-41A3-8BA6-7C6CA5A60225}"
EndProject
Project("{FAE04EC0-301F-11D3-BF4B-00C04F79EFBC}") = "Tyuiu.KubrikND.Sprint2.Task2.V6.Test", "Tyuiu.KubrikND.Sprint2.Task2.V6.Test\Tyuiu.KubrikND.Sprint2.Task2.V6.Test.csproj", "{03579CB5-8396-4CF6-8E0D-9D12BF63B5C4}"
EndProject
Project("{FAE04EC0-301F-11D3-BF4B-00C04F79EFBC}") = "Tyuiu.KubrikND.Sprint2.Task2.V6.Lib", "Tyuiu.KubrikND.Sprint2.Task2.V6.Lib\Tyuiu.KubrikND.Sprint2.Task2.V6.Lib.csproj", "{A630CBD5-A9F2-4C9A-BCE3-A0EF03140E5F}"
EndProject
Global
	GlobalSection(SolutionConfigurationPlatforms) = preSolution
		Debug|Any CPU = Debug|Any CPU
		Release|Any CPU = Release|Any CPU
	EndGlobalSection
	GlobalSection(ProjectConfigurationPlatforms) = postSolution
		{932AF461-8787-4C7B-A907-E2E7FF332345}.Debug|Any CPU.ActiveCfg = Debug|Any CPU
		{932AF461-8787-4C7B-A907-E2E7FF332345}.Debug|Any CPU.Build.0 = Debug|Any CPU
		{932AF461-8787-4C7B-A907-E2E7FF332345}.Release|Any CPU.ActiveCfg = Release|Any CPU
		{932AF461-8787-4C7B-A907-E2E7FF332345}.Release|Any CPU.Build.0 = Release|Any CPU
		{66B0C91C-4011-4B7F-ACBD-D1FB2E6527FE}.Debug|Any CPU.ActiveCfg = Debug|Any CPU
		{66B0C91C-4011-4B7F-ACBD-D1FB2E6527FE}.Debug|Any CPU.Build.0 = Debug|Any CPU
		{66B0C91C-4011-4B7F-ACBD-D1FB2E6527FE}.Release|Any CPU.ActiveCfg = Release|Any CPU
		{66B0C91C-4011-4B7F-ACBD-D1FB2E6527FE}.Release|Any CPU.Build.0 = Release|Any CPU
		{0F723355-ABB9-431A-A121-686AA93FFC96}.Debug|Any CPU.ActiveCfg = Debug|Any CPU
		{0F723355-ABB9-431A-A121-686AA93FFC96}.Debug|Any CPU.Build.0 = Debug|Any CPU
		{0F723355-ABB9-431A-A121-686AA93FFC96}.Release|Any CPU.ActiveCfg = Release|Any CPU
		{0F723355-ABB9-431A-A121-686AA93FFC96}.Release|Any CPU.Build.0 = Release|Any CPU
		{8BACBF37-D814-492B-85AC-2CDAA2C45C57}.Debug|Any CPU.ActiveCfg = Debug|Any CPU
		{8BACBF37-D814-492B-85AC-2CDAA2C45C57}.Debug|Any CPU.Build.0 = Debug|Any CPU
		{8BACBF37-D814-492B-85AC-2CDAA2C45C57}.Release|Any CPU.ActiveCfg = Release|Any CPU
		{8BACBF37-D814-492B-85AC-2CDAA2C45C57}.Release|Any CPU.Build.0 = Release|Any CPU
		{7DB748A1-A712-4894-9BF2-1965F2DC2D62}.Debug|Any CPU.ActiveCfg = Debug|Any CPU
		{7DB748A1-A712-4894-9BF2-1965F2DC2D62}.Debug|Any CPU.Build.0 = Debug|Any CPU
		{7DB748A1-A712-4894-9BF2-1965F2DC2D62}.Release|Any CPU.ActiveCfg = Release|Any CPU
		{7DB748A1-A712-4894-9BF2-1965F2DC2D62}.Release|Any CPU.Build.0 = Release|Any CPU
		{3E177230-6591-4C4D-9271-4151A63EE839}.Debug|Any CPU.ActiveCfg = Debug|Any CPU
		{3E177230-6591-4C4D-9271-4151A63EE839}.Debug|Any CPU.Build.0 = Debug|Any CPU
		{3E177230-6591-4C4D-9271-4151A63EE839}.Release|Any CPU.ActiveCfg = Release|Any CPU
		{3E177230-6591-4C4D-9271-4151A63EE839}.Release|Any CPU.Build.0 = Release|Any CPU
		{E7C17280-17C7-41A3-8BA6-7C6CA5A60225}.Debug|Any CPU.ActiveCfg = Debug|Any CPU
		{E7C17280-17C7-41A3-8BA6-7C6CA5A60225}.Debug|Any CPU.Build.0 = Debug|Any CPU
		{E7C17280-17C7-41A3-8BA6-7C6CA5A60225}.Release|Any CPU.ActiveCfg = Release|Any CPU
		{E7C17280-17C7-41A3-8BA6-7C6CA5A60225}.Release|Any CPU.Build.0 = Release|Any CPU
		{03579CB5-8396-4CF6-8E0D-9D12BF63B5C4}.Debug|Any CPU.ActiveCfg = Debug|Any CPU
		{03579CB5-8396-4CF6-8E0D-9D12BF63B5C4}.Debug|Any CPU.Build.0 = Debug|Any CPU
		{03579CB5-8396-4CF6-8E0D-9D12BF63B5C4}.Release|Any CPU.ActiveCfg = Release|Any CPU
		{03579CB5-8396-4CF6-8E0D-9D12BF63B5C4}.Release|Any CPU.Build.0 = Release|Any CPU
		{A630CBD5-A9F2-4C9A-BCE3-A0EF03140E5F}.Debug|Any CPU.ActiveCfg = Debug|Any CPU
		{A630CBD5-A9F2-4C9A-BCE3-A0EF03140E5F}.Debug|Any CPU.Build.0 = Debug|Any CPU
		{A630CBD5-A9F2-4C9A-BCE3-A0EF03140E5F}.Release|Any CPU.ActiveCfg = Release|Any CPU
		{A630CBD5-A9F2-4C9A-BCE3-A0EF03140E5F}.Release|Any CPU.Build.0 = Release|Any CPU
	EndGlobalSection
	GlobalSection(SolutionProperties) = preSolution
		HideSolutionNode = FALSE
	EndGlobalSection
	GlobalSection(NestedProjects) = preSolution
		{932AF461-8787-4C7B-A907-E2E7FF332345} = {0761CA7B-EF0C-4D3D-AFB5-319C82B2B64F}
		{66B0C91C-4011-4B7F-ACBD-D1FB2E6527FE} = {0761CA7B-EF0C-4D3D-AFB5-319C82B2B64F}
		{0F723355-ABB9-431A-A121-686AA93FFC96} = {0761CA7B-EF0C-4D3D-AFB5-319C82B2B64F}
		{8BACBF37-D814-492B-85AC-2CDAA2C45C57} = {EEF38EFC-6552-4CED-8EDE-3BEB36A796F3}
		{7DB748A1-A712-4894-9BF2-1965F2DC2D62} = {EEF38EFC-6552-4CED-8EDE-3BEB36A796F3}
		{3E177230-6591-4C4D-9271-4151A63EE839} = {EEF38EFC-6552-4CED-8EDE-3BEB36A796F3}
		{E7C17280-17C7-41A3-8BA6-7C6CA5A60225} = {B8973636-1BE4-4D83-BADA-C04833094D8A}
		{03579CB5-8396-4CF6-8E0D-9D12BF63B5C4} = {B8973636-1BE4-4D83-BADA-C04833094D8A}
		{A630CBD5-A9F2-4C9A-BCE3-A0EF03140E5F} = {B8973636-1BE4-4D83-BADA-C04833094D8A}
	EndGlobalSection
	GlobalSection(ExtensibilityGlobals) = postSolution
		SolutionGuid = {2C64947D-1302-47A3-A810-FCD7A6DADD75}
	EndGlobalSection
EndGlobal
