
Microsoft Visual Studio Solution File, Format Version 12.00
# Visual Studio Version 16
VisualStudioVersion = 16.0.34031.81
MinimumVisualStudioVersion = 10.0.40219.1
Project("{2150E333-8FDC-42A3-9474-1A3956D46DE8}") = "Task0(v22)", "Task0(v22)", "{0761CA7B-EF0C-4D3D-AFB5-319C82B2B64F}"
EndProject
Project("{FAE04EC0-301F-11D3-BF4B-00C04F79EFBC}") = "Tyuiu.KubrikND.Sprint2.Task0.V22", "Tyuiu.KubrikND.Sprint2.Task0.V22\Tyuiu.KubrikND.Sprint2.Task0.V22.csproj", "{932AF461-8787-4C7B-A907-E2E7FF332345}"
EndProject
Project("{FAE04EC0-301F-11D3-BF4B-00C04F79EFBC}") = "Tyuiu.KubrikND.Sprint2.Task0.V22.Test", "Tyuiu.KubrikND.Sprint2.Task0.V22.Test\Tyuiu.KubrikND.Sprint2.Task0.V22.Test.csproj", "{66B0C91C-4011-4B7F-ACBD-D1FB2E6527FE}"
EndProject
Project("{FAE04EC0-301F-11D3-BF4B-00C04F79EFBC}") = "Tyuiu.KubrikND.Sprint2.Task0.V22.Lib", "Tyuiu.KubrikND.Sprint2.Task0.V22.Lib\Tyuiu.KubrikND.Sprint2.Task0.V22.Lib.csproj", "{0F723355-ABB9-431A-A121-686AA93FFC96}"
EndProject
Project("{2150E333-8FDC-42A3-9474-1A3956D46DE8}") = "Task1(v8)", "Task1(v8)", "{EEF38EFC-6552-4CED-8EDE-3BEB36A796F3}"
EndProject
Project("{FAE04EC0-301F-11D3-BF4B-00C04F79EFBC}") = "Tyuiu.KubrikND.Sprint2.Task1.V8.Lib", "Tyuiu.KubrikND.Sprint2.Task1.V8.Lib\Tyuiu.KubrikND.Sprint2.Task1.V8.Lib.csproj", "{8BACBF37-D814-492B-85AC-2CDAA2C45C57}"
EndProject
Project("{FAE04EC0-301F-11D3-BF4B-00C04F79EFBC}") = "Tyuiu.KubrikND.Sprint2.Task1.V8.Test", "Tyuiu.KubrikND.Sprint2.Task1.V8.Test\Tyuiu.KubrikND.Sprint2.Task1.V8.Test.csproj", "{7DB748A1-A712-4894-9BF2-1965F2DC2D62}"
EndProject
Project("{FAE04EC0-301F-11D3-BF4B-00C04F79EFBC}") = "Tyuiu.KubrikND.Sprint2.Task1.V8", "Tyuiu.KubrikND.Sprint2.Task1.V8\Tyuiu.KubrikND.Sprint2.Task1.V8.csproj", "{3E177230-6591-4C4D-9271-4151A63EE839}"
EndProject
Project("{2150E333-8FDC-42A3-9474-1A3956D46DE8}") = "Task2(v6)", "Task2(v6)", "{B8973636-1BE4-4D83-BADA-C04833094D8A}"
EndProject
Project("{FAE04EC0-301F-11D3-BF4B-00C04F79EFBC}") = "Tyuiu.KubrikND.Sprint2.Task2.V6", "Tyuiu.KubrikND.Sprint2.Task2.V6\Tyuiu.KubrikND.Sprint2.Task2.V6.csproj", "{E7C17280-17C7-41A3-8BA6-7C6CA5A60225}"
EndProject
Project("{FAE04EC0-301F-11D3-BF4B-00C04F79EFBC}") = "Tyuiu.KubrikND.Sprint2.Task2.V6.Test", "Tyuiu.KubrikND.Sprint2.Task2.V6.Test\Tyuiu.KubrikND.Sprint2.Task2.V6.Test.csproj", "{03579CB5-8396-4CF6-8E0D-9D12BF63B5C4}"
EndProject
Project("{FAE04EC0-301F-11D3-BF4B-00C04F79EFBC}") = "Tyuiu.KubrikND.Sprint2.Task2.V6.Lib", "Tyuiu.KubrikND.Sprint2.Task2.V6.Lib\Tyuiu.KubrikND.Sprint2.Task2.V6.Lib.csproj", "{A630CBD5-A9F2-4C9A-BCE3-A0EF03140E5F}"
EndProject
Project("{2150E333-8FDC-42A3-9474-1A3956D46DE8}") = "Task3(v26)", "Task3(v26)", "{51085701-CD11-4F72-B00A-484E5D415F28}"
EndProject
Project("{FAE04EC0-301F-11D3-BF4B-00C04F79EFBC}") = "Tyuiu.KubrikND.Sprint2.Task3.V26.Lib", "Tyuiu.KubrikND.Sprint2.Task3.V26.Lib\Tyuiu.KubrikND.Sprint2.Task3.V26.Lib.csproj", "{8DF03210-3A02-4DC9-AFE1-340F36CF96B2}"
EndProject
Project("{FAE04EC0-301F-11D3-BF4B-00C04F79EFBC}") = "Tyuiu.KubrikND.Sprint2.Task3.V26.Test", "Tyuiu.KubrikND.Sprint2.Task3.V26.Test\Tyuiu.KubrikND.Sprint2.Task3.V26.Test.csproj", "{25EDF3A9-5A64-4965-B515-68FAA042A5F0}"
EndProject
Project("{FAE04EC0-301F-11D3-BF4B-00C04F79EFBC}") = "Tyuiu.KubrikND.Sprint2.Task3.V26", "Tyuiu.KubrikND.Sprint2.Task3.V26\Tyuiu.KubrikND.Sprint2.Task3.V26.csproj", "{DDBC3E67-EBB6-49C4-BA91-817A34528511}"
EndProject
Project("{2150E333-8FDC-42A3-9474-1A3956D46DE8}") = "Task4(v20)", "Task4(v20)", "{ADF26EC7-DB4D-472B-A4D1-5006459234A6}"
EndProject
Project("{FAE04EC0-301F-11D3-BF4B-00C04F79EFBC}") = "Tyuiu.KubrikND.Sprint2.Task4.V20", "Tyuiu.KubrikND.Sprint2.Task4.V20\Tyuiu.KubrikND.Sprint2.Task4.V20.csproj", "{FDD23C8B-BE04-409F-90B3-1EAF97C1B011}"
EndProject
Project("{FAE04EC0-301F-11D3-BF4B-00C04F79EFBC}") = "Tyuiu.KubrikND.Sprint2.Task4.V20.Test", "Tyuiu.KubrikND.Sprint2.Task4.V20.Test\Tyuiu.KubrikND.Sprint2.Task4.V20.Test.csproj", "{731C9A33-10BB-48E7-A7DB-4848B282CBDE}"
EndProject
Project("{FAE04EC0-301F-11D3-BF4B-00C04F79EFBC}") = "Tyuiu.KubrikND.Sprint2.Task4.V20.Lib", "Tyuiu.KubrikND.Sprint2.Task4.V20.Lib\Tyuiu.KubrikND.Sprint2.Task4.V20.Lib.csproj", "{A586424C-A060-4FC3-BE62-AB4293192502}"
EndProject
Project("{2150E333-8FDC-42A3-9474-1A3956D46DE8}") = "Task5(v2)", "Task5(v2)", "{7D9B1212-FA3F-46A4-A56E-430286E0AFFC}"
EndProject
Project("{FAE04EC0-301F-11D3-BF4B-00C04F79EFBC}") = "Tyuiu.KubrikND.Sprint2.Task5.V2.Lib", "Tyuiu.KubrikND.Sprint2.Task5.V2.Lib\Tyuiu.KubrikND.Sprint2.Task5.V2.Lib.csproj", "{8685B03B-F882-4668-8EE6-5355C51BC355}"
EndProject
Project("{FAE04EC0-301F-11D3-BF4B-00C04F79EFBC}") = "Tyuiu.KubrikND.Sprint2.Task5.V2.Test", "Tyuiu.KubrikND.Sprint2.Task5.V2.Test\Tyuiu.KubrikND.Sprint2.Task5.V2.Test.csproj", "{AA1088E1-E2BC-4BE1-8A20-FEDF3215D866}"
EndProject
Project("{FAE04EC0-301F-11D3-BF4B-00C04F79EFBC}") = "Tyuiu.KubrikND.Sprint2.Task5.V2", "Tyuiu.KubrikND.Sprint2.Task5.V2\Tyuiu.KubrikND.Sprint2.Task5.V2.csproj", "{8C3B1178-5DC0-4F8D-BA64-7099AED6637E}"
EndProject
Global
	GlobalSection(SolutionConfigurationPlatforms) = preSolution
		Debug|Any CPU = Debug|Any CPU
		Release|Any CPU = Release|Any CPU
	EndGlobalSection
	GlobalSection(ProjectConfigurationPlatforms) = postSolution
		{932AF461-8787-4C7B-A907-E2E7FF332345}.Debug|Any CPU.ActiveCfg = Debug|Any CPU
		{932AF461-8787-4C7B-A907-E2E7FF332345}.Debug|Any CPU.Build.0 = Debug|Any CPU
		{932AF461-8787-4C7B-A907-E2E7FF332345}.Release|Any CPU.ActiveCfg = Release|Any CPU
		{932AF461-8787-4C7B-A907-E2E7FF332345}.Release|Any CPU.Build.0 = Release|Any CPU
		{66B0C91C-4011-4B7F-ACBD-D1FB2E6527FE}.Debug|Any CPU.ActiveCfg = Debug|Any CPU
		{66B0C91C-4011-4B7F-ACBD-D1FB2E6527FE}.Debug|Any CPU.Build.0 = Debug|Any CPU
		{66B0C91C-4011-4B7F-ACBD-D1FB2E6527FE}.Release|Any CPU.ActiveCfg = Release|Any CPU
		{66B0C91C-4011-4B7F-ACBD-D1FB2E6527FE}.Release|Any CPU.Build.0 = Release|Any CPU
		{0F723355-ABB9-431A-A121-686AA93FFC96}.Debug|Any CPU.ActiveCfg = Debug|Any CPU
		{0F723355-ABB9-431A-A121-686AA93FFC96}.Debug|Any CPU.Build.0 = Debug|Any CPU
		{0F723355-ABB9-431A-A121-686AA93FFC96}.Release|Any CPU.ActiveCfg = Release|Any CPU
		{0F723355-ABB9-431A-A121-686AA93FFC96}.Release|Any CPU.Build.0 = Release|Any CPU
		{8BACBF37-D814-492B-85AC-2CDAA2C45C57}.Debug|Any CPU.ActiveCfg = Debug|Any CPU
		{8BACBF37-D814-492B-85AC-2CDAA2C45C57}.Debug|Any CPU.Build.0 = Debug|Any CPU
		{8BACBF37-D814-492B-85AC-2CDAA2C45C57}.Release|Any CPU.ActiveCfg = Release|Any CPU
		{8BACBF37-D814-492B-85AC-2CDAA2C45C57}.Release|Any CPU.Build.0 = Release|Any CPU
		{7DB748A1-A712-4894-9BF2-1965F2DC2D62}.Debug|Any CPU.ActiveCfg = Debug|Any CPU
		{7DB748A1-A712-4894-9BF2-1965F2DC2D62}.Debug|Any CPU.Build.0 = Debug|Any CPU
		{7DB748A1-A712-4894-9BF2-1965F2DC2D62}.Release|Any CPU.ActiveCfg = Release|Any CPU
		{7DB748A1-A712-4894-9BF2-1965F2DC2D62}.Release|Any CPU.Build.0 = Release|Any CPU
		{3E177230-6591-4C4D-9271-4151A63EE839}.Debug|Any CPU.ActiveCfg = Debug|Any CPU
		{3E177230-6591-4C4D-9271-4151A63EE839}.Debug|Any CPU.Build.0 = Debug|Any CPU
		{3E177230-6591-4C4D-9271-4151A63EE839}.Release|Any CPU.ActiveCfg = Release|Any CPU
		{3E177230-6591-4C4D-9271-4151A63EE839}.Release|Any CPU.Build.0 = Release|Any CPU
		{E7C17280-17C7-41A3-8BA6-7C6CA5A60225}.Debug|Any CPU.ActiveCfg = Debug|Any CPU
		{E7C17280-17C7-41A3-8BA6-7C6CA5A60225}.Debug|Any CPU.Build.0 = Debug|Any CPU
		{E7C17280-17C7-41A3-8BA6-7C6CA5A60225}.Release|Any CPU.ActiveCfg = Release|Any CPU
		{E7C17280-17C7-41A3-8BA6-7C6CA5A60225}.Release|Any CPU.Build.0 = Release|Any CPU
		{03579CB5-8396-4CF6-8E0D-9D12BF63B5C4}.Debug|Any CPU.ActiveCfg = Debug|Any CPU
		{03579CB5-8396-4CF6-8E0D-9D12BF63B5C4}.Debug|Any CPU.Build.0 = Debug|Any CPU
		{03579CB5-8396-4CF6-8E0D-9D12BF63B5C4}.Release|Any CPU.ActiveCfg = Release|Any CPU
		{03579CB5-8396-4CF6-8E0D-9D12BF63B5C4}.Release|Any CPU.Build.0 = Release|Any CPU
		{A630CBD5-A9F2-4C9A-BCE3-A0EF03140E5F}.Debug|Any CPU.ActiveCfg = Debug|Any CPU
		{A630CBD5-A9F2-4C9A-BCE3-A0EF03140E5F}.Debug|Any CPU.Build.0 = Debug|Any CPU
		{A630CBD5-A9F2-4C9A-BCE3-A0EF03140E5F}.Release|Any CPU.ActiveCfg = Release|Any CPU
		{A630CBD5-A9F2-4C9A-BCE3-A0EF03140E5F}.Release|Any CPU.Build.0 = Release|Any CPU
		{8DF03210-3A02-4DC9-AFE1-340F36CF96B2}.Debug|Any CPU.ActiveCfg = Debug|Any CPU
		{8DF03210-3A02-4DC9-AFE1-340F36CF96B2}.Debug|Any CPU.Build.0 = Debug|Any CPU
		{8DF03210-3A02-4DC9-AFE1-340F36CF96B2}.Release|Any CPU.ActiveCfg = Release|Any CPU
		{8DF03210-3A02-4DC9-AFE1-340F36CF96B2}.Release|Any CPU.Build.0 = Release|Any CPU
		{25EDF3A9-5A64-4965-B515-68FAA042A5F0}.Debug|Any CPU.ActiveCfg = Debug|Any CPU
		{25EDF3A9-5A64-4965-B515-68FAA042A5F0}.Debug|Any CPU.Build.0 = Debug|Any CPU
		{25EDF3A9-5A64-4965-B515-68FAA042A5F0}.Release|Any CPU.ActiveCfg = Release|Any CPU
		{25EDF3A9-5A64-4965-B515-68FAA042A5F0}.Release|Any CPU.Build.0 = Release|Any CPU
		{DDBC3E67-EBB6-49C4-BA91-817A34528511}.Debug|Any CPU.ActiveCfg = Debug|Any CPU
		{DDBC3E67-EBB6-49C4-BA91-817A34528511}.Debug|Any CPU.Build.0 = Debug|Any CPU
		{DDBC3E67-EBB6-49C4-BA91-817A34528511}.Release|Any CPU.ActiveCfg = Release|Any CPU
		{DDBC3E67-EBB6-49C4-BA91-817A34528511}.Release|Any CPU.Build.0 = Release|Any CPU
		{FDD23C8B-BE04-409F-90B3-1EAF97C1B011}.Debug|Any CPU.ActiveCfg = Debug|Any CPU
		{FDD23C8B-BE04-409F-90B3-1EAF97C1B011}.Debug|Any CPU.Build.0 = Debug|Any CPU
		{FDD23C8B-BE04-409F-90B3-1EAF97C1B011}.Release|Any CPU.ActiveCfg = Release|Any CPU
		{FDD23C8B-BE04-409F-90B3-1EAF97C1B011}.Release|Any CPU.Build.0 = Release|Any CPU
		{731C9A33-10BB-48E7-A7DB-4848B282CBDE}.Debug|Any CPU.ActiveCfg = Debug|Any CPU
		{731C9A33-10BB-48E7-A7DB-4848B282CBDE}.Debug|Any CPU.Build.0 = Debug|Any CPU
		{731C9A33-10BB-48E7-A7DB-4848B282CBDE}.Release|Any CPU.ActiveCfg = Release|Any CPU
		{731C9A33-10BB-48E7-A7DB-4848B282CBDE}.Release|Any CPU.Build.0 = Release|Any CPU
		{A586424C-A060-4FC3-BE62-AB4293192502}.Debug|Any CPU.ActiveCfg = Debug|Any CPU
		{A586424C-A060-4FC3-BE62-AB4293192502}.Debug|Any CPU.Build.0 = Debug|Any CPU
		{A586424C-A060-4FC3-BE62-AB4293192502}.Release|Any CPU.ActiveCfg = Release|Any CPU
		{A586424C-A060-4FC3-BE62-AB4293192502}.Release|Any CPU.Build.0 = Release|Any CPU
		{8685B03B-F882-4668-8EE6-5355C51BC355}.Debug|Any CPU.ActiveCfg = Debug|Any CPU
		{8685B03B-F882-4668-8EE6-5355C51BC355}.Debug|Any CPU.Build.0 = Debug|Any CPU
		{8685B03B-F882-4668-8EE6-5355C51BC355}.Release|Any CPU.ActiveCfg = Release|Any CPU
		{8685B03B-F882-4668-8EE6-5355C51BC355}.Release|Any CPU.Build.0 = Release|Any CPU
		{AA1088E1-E2BC-4BE1-8A20-FEDF3215D866}.Debug|Any CPU.ActiveCfg = Debug|Any CPU
		{AA1088E1-E2BC-4BE1-8A20-FEDF3215D866}.Debug|Any CPU.Build.0 = Debug|Any CPU
		{AA1088E1-E2BC-4BE1-8A20-FEDF3215D866}.Release|Any CPU.ActiveCfg = Release|Any CPU
		{AA1088E1-E2BC-4BE1-8A20-FEDF3215D866}.Release|Any CPU.Build.0 = Release|Any CPU
		{8C3B1178-5DC0-4F8D-BA64-7099AED6637E}.Debug|Any CPU.ActiveCfg = Debug|Any CPU
		{8C3B1178-5DC0-4F8D-BA64-7099AED6637E}.Debug|Any CPU.Build.0 = Debug|Any CPU
		{8C3B1178-5DC0-4F8D-BA64-7099AED6637E}.Release|Any CPU.ActiveCfg = Release|Any CPU
		{8C3B1178-5DC0-4F8D-BA64-7099AED6637E}.Release|Any CPU.Build.0 = Release|Any CPU
	EndGlobalSection
	GlobalSection(SolutionProperties) = preSolution
		HideSolutionNode = FALSE
	EndGlobalSection
	GlobalSection(NestedProjects) = preSolution
		{932AF461-8787-4C7B-A907-E2E7FF332345} = {0761CA7B-EF0C-4D3D-AFB5-319C82B2B64F}
		{66B0C91C-4011-4B7F-ACBD-D1FB2E6527FE} = {0761CA7B-EF0C-4D3D-AFB5-319C82B2B64F}
		{0F723355-ABB9-431A-A121-686AA93FFC96} = {0761CA7B-EF0C-4D3D-AFB5-319C82B2B64F}
		{8BACBF37-D814-492B-85AC-2CDAA2C45C57} = {EEF38EFC-6552-4CED-8EDE-3BEB36A796F3}
		{7DB748A1-A712-4894-9BF2-1965F2DC2D62} = {EEF38EFC-6552-4CED-8EDE-3BEB36A796F3}
		{3E177230-6591-4C4D-9271-4151A63EE839} = {EEF38EFC-6552-4CED-8EDE-3BEB36A796F3}
		{E7C17280-17C7-41A3-8BA6-7C6CA5A60225} = {B8973636-1BE4-4D83-BADA-C04833094D8A}
		{03579CB5-8396-4CF6-8E0D-9D12BF63B5C4} = {B8973636-1BE4-4D83-BADA-C04833094D8A}
		{A630CBD5-A9F2-4C9A-BCE3-A0EF03140E5F} = {B8973636-1BE4-4D83-BADA-C04833094D8A}
		{8DF03210-3A02-4DC9-AFE1-340F36CF96B2} = {51085701-CD11-4F72-B00A-484E5D415F28}
		{25EDF3A9-5A64-4965-B515-68FAA042A5F0} = {51085701-CD11-4F72-B00A-484E5D415F28}
		{DDBC3E67-EBB6-49C4-BA91-817A34528511} = {51085701-CD11-4F72-B00A-484E5D415F28}
		{FDD23C8B-BE04-409F-90B3-1EAF97C1B011} = {ADF26EC7-DB4D-472B-A4D1-5006459234A6}
		{731C9A33-10BB-48E7-A7DB-4848B282CBDE} = {ADF26EC7-DB4D-472B-A4D1-5006459234A6}
		{A586424C-A060-4FC3-BE62-AB4293192502} = {ADF26EC7-DB4D-472B-A4D1-5006459234A6}
		{8685B03B-F882-4668-8EE6-5355C51BC355} = {7D9B1212-FA3F-46A4-A56E-430286E0AFFC}
		{AA1088E1-E2BC-4BE1-8A20-FEDF3215D866} = {7D9B1212-FA3F-46A4-A56E-430286E0AFFC}
		{8C3B1178-5DC0-4F8D-BA64-7099AED6637E} = {7D9B1212-FA3F-46A4-A56E-430286E0AFFC}
	EndGlobalSection
	GlobalSection(ExtensibilityGlobals) = postSolution
		SolutionGuid = {2C64947D-1302-47A3-A810-FCD7A6DADD75}
	EndGlobalSection
EndGlobal
